{
  "name": "Propoplex",
  "lockfileVersion": 3,
  "requires": true,
  "packages": {
    "": {
      "dependencies": {
        "bard-ai": "^1.2.0"
      }
    },
    "node_modules/bard-ai": {
      "version": "1.2.0",
      "resolved": "https://registry.npmjs.org/bard-ai/-/bard-ai-1.2.0.tgz",
      "integrity": "sha512-LBhJ91cbHOmlYRpyDowHzu1etq2V4rmpor5j+CSEyLZEo0juK+igSFdSkImq8+6/ZXWCYyy4gb3fI0A1ORWNVg=="
    }
  }
}
